
Microsoft Visual Studio Solution File, Format Version 12.00
# Visual Studio Version 17
VisualStudioVersion = 17.3.32901.215
MinimumVisualStudioVersion = 10.0.40219.1
Project("{FAE04EC0-301F-11D3-BF4B-00C04F79EFBC}") = "LocationAPI", "LocationAPI\LocationAPI.csproj", "{4C7572CB-A499-4A39-B009-84F99BAEC1FB}"
EndProject
Project("{FAE04EC0-301F-11D3-BF4B-00C04F79EFBC}") = "LocationApi.Domain", "LocationApi.Domain\LocationApi.Domain.csproj", "{4555C9B9-9B77-4790-AB85-9F59042DEDEE}"
EndProject
Project("{FAE04EC0-301F-11D3-BF4B-00C04F79EFBC}") = "LocationApi.Data", "LocationApi.Data\LocationApi.Data.csproj", "{584DDDED-0F5C-44CC-8222-1185D50655B4}"
EndProject
Project("{FAE04EC0-301F-11D3-BF4B-00C04F79EFBC}") = "LocationApi.BusinessLogic", "LocationApi.BusinessLogic\LocationApi.BusinessLogic.csproj", "{164FC04F-7C0C-49F4-89DB-3BE3F5E11835}"
EndProject
Global
	GlobalSection(SolutionConfigurationPlatforms) = preSolution
		Debug|Any CPU = Debug|Any CPU
		Release|Any CPU = Release|Any CPU
	EndGlobalSection
	GlobalSection(ProjectConfigurationPlatforms) = postSolution
		{4C7572CB-A499-4A39-B009-84F99BAEC1FB}.Debug|Any CPU.ActiveCfg = Debug|Any CPU
		{4C7572CB-A499-4A39-B009-84F99BAEC1FB}.Debug|Any CPU.Build.0 = Debug|Any CPU
		{4C7572CB-A499-4A39-B009-84F99BAEC1FB}.Release|Any CPU.ActiveCfg = Release|Any CPU
		{4C7572CB-A499-4A39-B009-84F99BAEC1FB}.Release|Any CPU.Build.0 = Release|Any CPU
		{4555C9B9-9B77-4790-AB85-9F59042DEDEE}.Debug|Any CPU.ActiveCfg = Debug|Any CPU
		{4555C9B9-9B77-4790-AB85-9F59042DEDEE}.Debug|Any CPU.Build.0 = Debug|Any CPU
		{4555C9B9-9B77-4790-AB85-9F59042DEDEE}.Release|Any CPU.ActiveCfg = Release|Any CPU
		{4555C9B9-9B77-4790-AB85-9F59042DEDEE}.Release|Any CPU.Build.0 = Release|Any CPU
		{584DDDED-0F5C-44CC-8222-1185D50655B4}.Debug|Any CPU.ActiveCfg = Debug|Any CPU
		{584DDDED-0F5C-44CC-8222-1185D50655B4}.Debug|Any CPU.Build.0 = Debug|Any CPU
		{584DDDED-0F5C-44CC-8222-1185D50655B4}.Release|Any CPU.ActiveCfg = Release|Any CPU
		{584DDDED-0F5C-44CC-8222-1185D50655B4}.Release|Any CPU.Build.0 = Release|Any CPU
		{164FC04F-7C0C-49F4-89DB-3BE3F5E11835}.Debug|Any CPU.ActiveCfg = Debug|Any CPU
		{164FC04F-7C0C-49F4-89DB-3BE3F5E11835}.Debug|Any CPU.Build.0 = Debug|Any CPU
		{164FC04F-7C0C-49F4-89DB-3BE3F5E11835}.Release|Any CPU.ActiveCfg = Release|Any CPU
		{164FC04F-7C0C-49F4-89DB-3BE3F5E11835}.Release|Any CPU.Build.0 = Release|Any CPU
	EndGlobalSection
	GlobalSection(SolutionProperties) = preSolution
		HideSolutionNode = FALSE
	EndGlobalSection
	GlobalSection(ExtensibilityGlobals) = postSolution
		SolutionGuid = {C71963F7-792B-4CE6-AE93-454685187847}
	EndGlobalSection
EndGlobal
